<?xml version="1.0" encoding="utf-8"?>
<Project ToolsVersion="4.0" xmlns="http://schemas.microsoft.com/developer/msbuild/2003">
  <ItemGroup>
    <Filter Include="Source Files">
      <UniqueIdentifier>{4FC737F1-C7A5-4376-A066-2A32D752A2FF}</UniqueIdentifier>
      <Extensions>cpp;c;cc;cxx;c++;cppm;ixx;def;odl;idl;hpj;bat;asm;asmx</Extensions>
    </Filter>
    <Filter Include="Header Files">
      <UniqueIdentifier>{93995380-89BD-4b04-88EB-625FBE52EBFB}</UniqueIdentifier>
      <Extensions>h;hh;hpp;hxx;h++;hm;inl;inc;ipp;xsd</Extensions>
    </Filter>
    <Filter Include="Resource Files">
      <UniqueIdentifier>{67DA6AB6-F800-4c08-8B7A-83BB121AAD01}</UniqueIdentifier>
      <Extensions>rc;ico;cur;bmp;dlg;rc2;rct;bin;rgs;gif;jpg;jpeg;jpe;resx;tiff;tif;png;wav;mfcribbon-ms</Extensions>
    </Filter>
    <Filter Include="Art">
      <UniqueIdentifier>{7a58f69a-2234-458f-8994-cf5a041aa4f5}</UniqueIdentifier>
    </Filter>
    <Filter Include="RemoveEvents">
      <UniqueIdentifier>{d96adb77-1aa4-4d9c-a037-03b2081e7430}</UniqueIdentifier>
    </Filter>
    <Filter Include="Node.js">
      <UniqueIdentifier>{1394b3de-11b1-48df-95b9-17a9e8edc518}</UniqueIdentifier>
    </Filter>
    <Filter Include="Animations">
      <UniqueIdentifier>{e415f782-b679-40bb-af46-614f184ffe6d}</UniqueIdentifier>
    </Filter>
  </ItemGroup>
  <ItemGroup>
    <ClCompile Include="Source.cpp">
      <Filter>Source Files</Filter>
    </ClCompile>
    <ClCompile Include="Replicator.cpp">
      <Filter>Source Files</Filter>
    </ClCompile>
    <ClCompile Include="RemoteServer.ixx">
      <Filter>RemoveEvents</Filter>
    </ClCompile>
  </ItemGroup>
  <ItemGroup>
    <ClInclude Include="glfw3.h">
      <Filter>Header Files</Filter>
    </ClInclude>
    <ClInclude Include="olcConsoleGameEngine.h">
      <Filter>Header Files</Filter>
    </ClInclude>
    <ClInclude Include="math.h">
      <Filter>Header Files</Filter>
    </ClInclude>
    <ClInclude Include="asio.h">
      <Filter>Header Files</Filter>
    </ClInclude>
    <ClInclude Include="asiotsbuffer.h">
      <Filter>Header Files</Filter>
    </ClInclude>
    <ClInclude Include="asiotsinternet.h">
      <Filter>Header Files</Filter>
    </ClInclude>
  </ItemGroup>
  <ItemGroup>
    <None Include="PropertySheet.props" />
    <None Include="H:\Bliss-v11.14--OFFICIAL-20210508-1013_x86_64_k-k4.19.122-ax86-ga-rmi_m-20.1.10_pie-x86_dgc-p9.0-11.13_ld-p9.0-x86_dg-_dh-blueprint_pie-x86_w45_2020_mg-p9.0-x86.iso">
      <Filter>RemoveEvents</Filter>
    </None>
    <None Include="G:\Delivery #3.prproj">
      <Filter>RemoveEvents</Filter>
    </None>
  </ItemGroup>
  <ItemGroup>
    <Image Include="H:\High level grass art PIxel.png">
      <Filter>Art</Filter>
    </Image>
    <Image Include="H:\PlatformerFloorUnit.png">
      <Filter>Art</Filter>
    </Image>
    <Image Include="..\..\..\Desktop\GUI.png">
      <Filter>Art</Filter>
    </Image>
  </ItemGroup>
</Project>