
Microsoft Visual Studio Solution File, Format Version 12.00
# Visual Studio Version 16
VisualStudioVersion = 16.0.30804.86
MinimumVisualStudioVersion = 10.0.40219.1
Project("{8BC9CEB8-8B4A-11D0-8D11-00A0C91BC942}") = "OpenGL 4.8", "OpenGL 4.8.vcxproj", "{44F7F039-5984-4EAB-AE47-1903E98B2039}"
EndProject
Global
	GlobalSection(SolutionConfigurationPlatforms) = preSolution
		Debug|x64 = Debug|x64
		Debug|x86 = Debug|x86
		Release|x64 = Release|x64
		Release|x86 = Release|x86
	EndGlobalSection
	GlobalSection(ProjectConfigurationPlatforms) = postSolution
		{44F7F039-5984-4EAB-AE47-1903E98B2039}.Debug|x64.ActiveCfg = Debug|x64
		{44F7F039-5984-4EAB-AE47-1903E98B2039}.Debug|x64.Build.0 = Debug|x64
		{44F7F039-5984-4EAB-AE47-1903E98B2039}.Debug|x86.ActiveCfg = Debug|Win32
		{44F7F039-5984-4EAB-AE47-1903E98B2039}.Debug|x86.Build.0 = Debug|Win32
		{44F7F039-5984-4EAB-AE47-1903E98B2039}.Release|x64.ActiveCfg = Release|x64
		{44F7F039-5984-4EAB-AE47-1903E98B2039}.Release|x64.Build.0 = Release|x64
		{44F7F039-5984-4EAB-AE47-1903E98B2039}.Release|x86.ActiveCfg = Release|Win32
		{44F7F039-5984-4EAB-AE47-1903E98B2039}.Release|x86.Build.0 = Release|Win32
	EndGlobalSection
	GlobalSection(SolutionProperties) = preSolution
		HideSolutionNode = FALSE
	EndGlobalSection
	GlobalSection(ExtensibilityGlobals) = postSolution
		SolutionGuid = {1D03B844-494E-4ADB-AE2E-2CEF05879FF1}
	EndGlobalSection
EndGlobal
